
Microsoft Visual Studio Solution File, Format Version 12.00
# Visual Studio Version 16
VisualStudioVersion = 16.0.28803.156
MinimumVisualStudioVersion = 10.0.40219.1
Project("{9A19103F-16F7-4668-BE54-9A1E7A4F7556}") = "BootCamp.Api", "BootCamp.Api\BootCamp.Api.csproj", "{8DBAF67A-B074-4065-A282-8A18566DE961}"
EndProject
Project("{2150E333-8FDC-42A3-9474-1A3956D46DE8}") = "Data", "Data", "{146E7FC3-C5F4-4016-B613-1126B8032A3A}"
EndProject
Project("{2150E333-8FDC-42A3-9474-1A3956D46DE8}") = "Presentation", "Presentation", "{48A78C03-86E9-4C05-AD13-1F9702BEF994}"
EndProject
Project("{2150E333-8FDC-42A3-9474-1A3956D46DE8}") = "Business", "Business", "{00903027-7437-403A-8D43-D71D31BDD133}"
EndProject
Project("{FAE04EC0-301F-11D3-BF4B-00C04F79EFBC}") = "BootCamp.Common", "BootCamp.Common\BootCamp.Common.csproj", "{D70DA9AE-A92B-4AA2-ABE7-8F6E9BEC257E}"
EndProject
Project("{FAE04EC0-301F-11D3-BF4B-00C04F79EFBC}") = "BootCamp.Core", "BootCamp.Core\BootCamp.Core.csproj", "{6F2D1FCA-F8FB-401B-995F-D64C3EA054E2}"
EndProject
Project("{FAE04EC0-301F-11D3-BF4B-00C04F79EFBC}") = "BootCamp.Enums", "BootCamp.Enums\BootCamp.Enums.csproj", "{BD1EE75F-F746-4195-B95C-2E092EC0DAF8}"
EndProject
Project("{FAE04EC0-301F-11D3-BF4B-00C04F79EFBC}") = "BootCamp.Resources", "BootCamp.Resources\BootCamp.Resources.csproj", "{9FA8E315-8245-411E-AD0B-0CBBACBBCAE1}"
EndProject
Project("{FAE04EC0-301F-11D3-BF4B-00C04F79EFBC}") = "BootCamp.DataAccess", "BootCamp.DataAccess\BootCamp.DataAccess.csproj", "{3E555456-F2AF-4133-ACB4-37A1CFBC3A1C}"
EndProject
Project("{FAE04EC0-301F-11D3-BF4B-00C04F79EFBC}") = "BootCamp.Entities", "BootCamp.Entities\BootCamp.Entities.csproj", "{D8DE41AA-F5B9-4E29-B2A2-A5FB4853A820}"
EndProject
Project("{2150E333-8FDC-42A3-9474-1A3956D46DE8}") = "Test", "Test", "{7CAF53C8-BCC5-4A8F-83A1-2823CF397415}"
EndProject
Project("{FAE04EC0-301F-11D3-BF4B-00C04F79EFBC}") = "BootCamp.ApiTest", "BootCamp.ApiTest\BootCamp.ApiTest.csproj", "{51445D41-77D6-4640-8179-681FF6A55B02}"
EndProject
Project("{FAE04EC0-301F-11D3-BF4B-00C04F79EFBC}") = "BootCamp.Web", "BootCamp.Web\BootCamp.Web.csproj", "{0714459C-1D2B-4F2E-A733-AA6527BF38C6}"
EndProject
Project("{FAE04EC0-301F-11D3-BF4B-00C04F79EFBC}") = "BootCamp.Dtos", "BootCamp.Dtos\BootCamp.Dtos.csproj", "{E7DCE60B-4271-4288-B370-D4683E1C83D2}"
EndProject
Project("{FAE04EC0-301F-11D3-BF4B-00C04F79EFBC}") = "BootCamp.Contracts", "BootCamp.Contracts\BootCamp.Contracts.csproj", "{39750A1C-620E-4275-8D8E-1671F4997693}"
EndProject
Global
	GlobalSection(SolutionConfigurationPlatforms) = preSolution
		Debug|Any CPU = Debug|Any CPU
		Release|Any CPU = Release|Any CPU
	EndGlobalSection
	GlobalSection(ProjectConfigurationPlatforms) = postSolution
		{8DBAF67A-B074-4065-A282-8A18566DE961}.Debug|Any CPU.ActiveCfg = Debug|Any CPU
		{8DBAF67A-B074-4065-A282-8A18566DE961}.Debug|Any CPU.Build.0 = Debug|Any CPU
		{8DBAF67A-B074-4065-A282-8A18566DE961}.Release|Any CPU.ActiveCfg = Release|Any CPU
		{8DBAF67A-B074-4065-A282-8A18566DE961}.Release|Any CPU.Build.0 = Release|Any CPU
		{D70DA9AE-A92B-4AA2-ABE7-8F6E9BEC257E}.Debug|Any CPU.ActiveCfg = Debug|Any CPU
		{D70DA9AE-A92B-4AA2-ABE7-8F6E9BEC257E}.Debug|Any CPU.Build.0 = Debug|Any CPU
		{D70DA9AE-A92B-4AA2-ABE7-8F6E9BEC257E}.Release|Any CPU.ActiveCfg = Release|Any CPU
		{D70DA9AE-A92B-4AA2-ABE7-8F6E9BEC257E}.Release|Any CPU.Build.0 = Release|Any CPU
		{6F2D1FCA-F8FB-401B-995F-D64C3EA054E2}.Debug|Any CPU.ActiveCfg = Debug|Any CPU
		{6F2D1FCA-F8FB-401B-995F-D64C3EA054E2}.Debug|Any CPU.Build.0 = Debug|Any CPU
		{6F2D1FCA-F8FB-401B-995F-D64C3EA054E2}.Release|Any CPU.ActiveCfg = Release|Any CPU
		{6F2D1FCA-F8FB-401B-995F-D64C3EA054E2}.Release|Any CPU.Build.0 = Release|Any CPU
		{BD1EE75F-F746-4195-B95C-2E092EC0DAF8}.Debug|Any CPU.ActiveCfg = Debug|Any CPU
		{BD1EE75F-F746-4195-B95C-2E092EC0DAF8}.Debug|Any CPU.Build.0 = Debug|Any CPU
		{BD1EE75F-F746-4195-B95C-2E092EC0DAF8}.Release|Any CPU.ActiveCfg = Release|Any CPU
		{BD1EE75F-F746-4195-B95C-2E092EC0DAF8}.Release|Any CPU.Build.0 = Release|Any CPU
		{9FA8E315-8245-411E-AD0B-0CBBACBBCAE1}.Debug|Any CPU.ActiveCfg = Debug|Any CPU
		{9FA8E315-8245-411E-AD0B-0CBBACBBCAE1}.Debug|Any CPU.Build.0 = Debug|Any CPU
		{9FA8E315-8245-411E-AD0B-0CBBACBBCAE1}.Release|Any CPU.ActiveCfg = Release|Any CPU
		{9FA8E315-8245-411E-AD0B-0CBBACBBCAE1}.Release|Any CPU.Build.0 = Release|Any CPU
		{3E555456-F2AF-4133-ACB4-37A1CFBC3A1C}.Debug|Any CPU.ActiveCfg = Debug|Any CPU
		{3E555456-F2AF-4133-ACB4-37A1CFBC3A1C}.Debug|Any CPU.Build.0 = Debug|Any CPU
		{3E555456-F2AF-4133-ACB4-37A1CFBC3A1C}.Release|Any CPU.ActiveCfg = Release|Any CPU
		{3E555456-F2AF-4133-ACB4-37A1CFBC3A1C}.Release|Any CPU.Build.0 = Release|Any CPU
		{D8DE41AA-F5B9-4E29-B2A2-A5FB4853A820}.Debug|Any CPU.ActiveCfg = Debug|Any CPU
		{D8DE41AA-F5B9-4E29-B2A2-A5FB4853A820}.Debug|Any CPU.Build.0 = Debug|Any CPU
		{D8DE41AA-F5B9-4E29-B2A2-A5FB4853A820}.Release|Any CPU.ActiveCfg = Release|Any CPU
		{D8DE41AA-F5B9-4E29-B2A2-A5FB4853A820}.Release|Any CPU.Build.0 = Release|Any CPU
		{51445D41-77D6-4640-8179-681FF6A55B02}.Debug|Any CPU.ActiveCfg = Debug|Any CPU
		{51445D41-77D6-4640-8179-681FF6A55B02}.Debug|Any CPU.Build.0 = Debug|Any CPU
		{51445D41-77D6-4640-8179-681FF6A55B02}.Release|Any CPU.ActiveCfg = Release|Any CPU
		{51445D41-77D6-4640-8179-681FF6A55B02}.Release|Any CPU.Build.0 = Release|Any CPU
		{0714459C-1D2B-4F2E-A733-AA6527BF38C6}.Debug|Any CPU.ActiveCfg = Debug|Any CPU
		{0714459C-1D2B-4F2E-A733-AA6527BF38C6}.Debug|Any CPU.Build.0 = Debug|Any CPU
		{0714459C-1D2B-4F2E-A733-AA6527BF38C6}.Release|Any CPU.ActiveCfg = Release|Any CPU
		{0714459C-1D2B-4F2E-A733-AA6527BF38C6}.Release|Any CPU.Build.0 = Release|Any CPU
		{E7DCE60B-4271-4288-B370-D4683E1C83D2}.Debug|Any CPU.ActiveCfg = Debug|Any CPU
		{E7DCE60B-4271-4288-B370-D4683E1C83D2}.Debug|Any CPU.Build.0 = Debug|Any CPU
		{E7DCE60B-4271-4288-B370-D4683E1C83D2}.Release|Any CPU.ActiveCfg = Release|Any CPU
		{E7DCE60B-4271-4288-B370-D4683E1C83D2}.Release|Any CPU.Build.0 = Release|Any CPU
		{39750A1C-620E-4275-8D8E-1671F4997693}.Debug|Any CPU.ActiveCfg = Debug|Any CPU
		{39750A1C-620E-4275-8D8E-1671F4997693}.Debug|Any CPU.Build.0 = Debug|Any CPU
		{39750A1C-620E-4275-8D8E-1671F4997693}.Release|Any CPU.ActiveCfg = Release|Any CPU
		{39750A1C-620E-4275-8D8E-1671F4997693}.Release|Any CPU.Build.0 = Release|Any CPU
	EndGlobalSection
	GlobalSection(SolutionProperties) = preSolution
		HideSolutionNode = FALSE
	EndGlobalSection
	GlobalSection(NestedProjects) = preSolution
		{8DBAF67A-B074-4065-A282-8A18566DE961} = {48A78C03-86E9-4C05-AD13-1F9702BEF994}
		{D70DA9AE-A92B-4AA2-ABE7-8F6E9BEC257E} = {00903027-7437-403A-8D43-D71D31BDD133}
		{6F2D1FCA-F8FB-401B-995F-D64C3EA054E2} = {00903027-7437-403A-8D43-D71D31BDD133}
		{BD1EE75F-F746-4195-B95C-2E092EC0DAF8} = {00903027-7437-403A-8D43-D71D31BDD133}
		{9FA8E315-8245-411E-AD0B-0CBBACBBCAE1} = {00903027-7437-403A-8D43-D71D31BDD133}
		{3E555456-F2AF-4133-ACB4-37A1CFBC3A1C} = {146E7FC3-C5F4-4016-B613-1126B8032A3A}
		{D8DE41AA-F5B9-4E29-B2A2-A5FB4853A820} = {146E7FC3-C5F4-4016-B613-1126B8032A3A}
		{51445D41-77D6-4640-8179-681FF6A55B02} = {7CAF53C8-BCC5-4A8F-83A1-2823CF397415}
		{0714459C-1D2B-4F2E-A733-AA6527BF38C6} = {48A78C03-86E9-4C05-AD13-1F9702BEF994}
		{E7DCE60B-4271-4288-B370-D4683E1C83D2} = {00903027-7437-403A-8D43-D71D31BDD133}
		{39750A1C-620E-4275-8D8E-1671F4997693} = {00903027-7437-403A-8D43-D71D31BDD133}
	EndGlobalSection
	GlobalSection(ExtensibilityGlobals) = postSolution
		SolutionGuid = {4AA1D901-4015-44A7-8E02-3EF1E36D35C6}
	EndGlobalSection
EndGlobal
